# This file is autogenerated, do not edit; changes may be undone by the next 'dep ensure'.


[[projects]]
  digest = "1:cfcc37416c7b331117ca7e7e84cc923848a27daa16f5c63655cb526b645acf5b"
  name = "github.com/Sirupsen/logrus"
  packages = [
    ".",
    "formatters/logstash",
  ]
  pruneopts = "UT"
  revision = "55eb11d21d2a31a3cc93838241d04800f52e823d"
  version = "v0.7.3"

[[projects]]
  digest = "1:ef77f571ba1a787703244ed5fdc4cc95451af14e0a721f4572d2185247479e54"
  name = "github.com/bugsnag/bugsnag-go"
  packages = [
    ".",
    "errors",
  ]
  pruneopts = "UT"
  revision = "b1d153021fcd90ca3f080db36bec96dc690fb274"

[[projects]]
  branch = "master"
  digest = "1:3c8a443f16dd3c3639c7650c19af5b1a0686402f1949dafd18352d15239d9b05"
  name = "github.com/bugsnag/osext"
  packages = ["."]
  pruneopts = "UT"
  revision = "0dd3f918b21bec95ace9dc86c7e70266cfc5c702"

[[projects]]
  digest = "1:af7819cfbbaee556977151e5da278819eccbfd3724402e6c4c38c083ea90d27b"
  name = "github.com/bugsnag/panicwrap"
  packages = ["."]
  pruneopts = "UT"
  revision = "e2c28503fcd0675329da73bf48b33404db873782"

[[projects]]
  branch = "master"
  digest = "1:dd33dda1078545d3f678fefedd53352f2519675f0c54f387da7e4b6be0e61fd7"
  name = "github.com/databus23/goslo.policy"
  packages = ["."]
  pruneopts = "UT"
  revision = "3ae74dd07ebf48d1f2babbd1d2177cd1878a09ee"

[[projects]]
  digest = "1:cc484e200b5268eabbd5274550fbd0b8d82595c9b0d205012d4c75cc9a610012"
  name = "github.com/docker/distribution"
  packages = [
    ".",
    "configuration",
    "context",
    "digest",
    "health",
    "health/checks",
    "manifest",
    "manifest/manifestlist",
    "manifest/schema1",
    "manifest/schema2",
    "notifications",
    "reference",
    "registry",
    "registry/api/errcode",
    "registry/api/v2",
    "registry/auth",
    "registry/auth/htpasswd",
    "registry/auth/silly",
    "registry/auth/token",
    "registry/client",
    "registry/client/auth",
    "registry/client/auth/challenge",
    "registry/client/transport",
    "registry/handlers",
    "registry/listener",
    "registry/middleware/registry",
    "registry/middleware/repository",
    "registry/proxy",
    "registry/proxy/scheduler",
    "registry/storage",
    "registry/storage/cache",
    "registry/storage/cache/memory",
    "registry/storage/cache/redis",
    "registry/storage/driver",
    "registry/storage/driver/base",
    "registry/storage/driver/factory",
    "registry/storage/driver/filesystem",
    "registry/storage/driver/inmemory",
    "registry/storage/driver/middleware",
    "registry/storage/driver/middleware/redirect",
    "uuid",
    "version",
  ]
  pruneopts = "UT"
  revision = "48294d928ced5dd9b378f7fd7c6f5da3ff3f2c89"
  version = "v2.6.2"

[[projects]]
  digest = "1:0e229970bd76d6cdef6558f51ae493931485fb086d513bc4e3b80003bcf81f39"
  name = "github.com/docker/libtrust"
  packages = ["."]
  pruneopts = "UT"
  revision = "fa567046d9b14f6aa788882a950d69651d230b21"

[[projects]]
  digest = "1:0d21cd5c2fee7cf4455e3d51d5d2df4087cb543766b424856ad17683deda60f8"
  name = "github.com/garyburd/redigo"
  packages = [
    "internal",
    "redis",
  ]
  pruneopts = "UT"
  revision = "535138d7bcd717d6531c701ef5933d98b1866257"

[[projects]]
  branch = "master"
  digest = "1:29d2e9ee1d5dfd44b013941e978c34bc269cfad3ec8b3f0549b7411c4a1c8920"
  name = "github.com/gophercloud/gophercloud"
  packages = [
    ".",
    "internal",
    "openstack",
    "openstack/identity/v2/tenants",
    "openstack/identity/v2/tokens",
    "openstack/identity/v3/roles",
    "openstack/identity/v3/tokens",
    "openstack/utils",
    "pagination",
  ]
  pruneopts = "UT"
  revision = "45c2d035713fa44f366921035a44610ac5d45beb"

[[projects]]
  branch = "master"
  digest = "1:daadc16f425a467550754bd6c7cd82a8884c7c753e9818242b7941ffb1537132"
  name = "github.com/gophercloud/utils"
  packages = ["openstack/clientconfig"]
  pruneopts = "UT"
  revision = "a4a9aeb470b8613c9c609fbb23c17836de44d05c"

[[projects]]
  digest = "1:c79fb010be38a59d657c48c6ba1d003a8aa651fa56b579d959d74573b7dff8e1"
  name = "github.com/gorilla/context"
  packages = ["."]
  pruneopts = "UT"
  revision = "08b5f424b9271eedf6f9f0ce86cb9396ed337a42"
  version = "v1.1.1"

[[projects]]
  digest = "1:c231954313b336011b817f9979467825cbb2a6d7a6b930c5406f4fbc91235f8c"
  name = "github.com/gorilla/handlers"
  packages = ["."]
  pruneopts = "UT"
  revision = "60c7bfde3e33c201519a200a4507a158cc03a17b"

[[projects]]
  digest = "1:33e16c57473b7c44d261a6846b82c9389392f16fd41bf3d78c6cb5a96d695d1a"
  name = "github.com/gorilla/mux"
  packages = ["."]
  pruneopts = "UT"
  revision = "599cba5e7b6137d46ddf58fb1765f5d928e69604"

[[projects]]
  digest = "1:870d441fe217b8e689d7949fef6e43efbc787e50f200cb1e70dbca9204a1d6be"
  name = "github.com/inconshreveable/mousetrap"
  packages = ["."]
  pruneopts = "UT"
  revision = "76626ae9c91c4f2a10f34cad8ce83ea42c93bb75"
  version = "v1.0"

[[projects]]
  branch = "master"
  digest = "1:0ed7694a4bcc8c3c0f7eba5225eb916aac2feeeadc8c7024d2d76878de158743"
  name = "github.com/jpillora/longestcommon"
  packages = ["."]
  pruneopts = "UT"
  revision = "adb9d91ee629dd8304c9f9d7c91977b9d7e61a35"

[[projects]]
  digest = "1:e49560bec65ed4ee4ecb008000c3f9d026029b117aa33251d9833d93ab9ab0aa"
  name = "github.com/lib/pq"
  packages = [
    ".",
    "oid",
  ]
  pruneopts = "UT"
  revision = "b609790bd85edf8e9ab7e0f8912750a786177bcf"

[[projects]]
  branch = "master"
  digest = "1:aad6e02be9591727ae545714765411eac772f9f4712a4f6c9e8c75264b3a7143"
  name = "github.com/majewsky/schwift"
  packages = [
    ".",
    "capabilities",
    "gopherschwift",
  ]
  pruneopts = "UT"
  revision = "81c8b90bcb1345f1c0421a25a16a2d393d27805d"

[[projects]]
  digest = "1:d5d5bc46a33475b1dfe04d0f1bd3f2d7b749e5a057654664f9b3ba0fdb10698f"
  name = "github.com/mattes/migrate"
  packages = [
    ".",
    "database",
    "database/postgres",
    "source",
    "source/go-bindata",
  ]
  pruneopts = "UT"
  revision = "69472d5f5cdca0fb2766d8d86f63cb2e78e1d869"

[[projects]]
  digest = "1:666044031f9bc3e4a57ba8d8805ea61c202d6bbde8d488094aa039687c2b54b4"
  name = "github.com/miekg/dns"
  packages = ["."]
  pruneopts = "UT"
  revision = "271c58e0c14f552178ea321a545ff9af38930f39"

[[projects]]
  digest = "1:c9a18a8c7d903c87075ca104c64afad0aeead4ce7b268944529a61ebae65d99e"
  name = "github.com/mitchellh/mapstructure"
  packages = ["."]
  pruneopts = "UT"
  revision = "482a9fd5fa83e8c4e7817413b80f3eb8feec03ef"

[[projects]]
  branch = "master"
  digest = "1:2b5a0c784852157938003bbb139d02f24185ae24dabf4f19bc915c11bd4f26cf"
  name = "github.com/sapcc/go-bits"
  packages = [
    "gopherpolicy",
    "logg",
    "respondwith",
  ]
  pruneopts = "UT"
  revision = "9579f7c495fd9568220d48f91cef5fa381dcd202"

[[projects]]
  digest = "1:dd48f4df68952281e1b4f6724739aab98b79fa62b23dfa4dd187dd3c89dde430"
  name = "github.com/spf13/cobra"
  packages = ["."]
  pruneopts = "UT"
  revision = "312092086bed4968099259622145a0c9ae280064"

[[projects]]
  digest = "1:0b42002aa648104f22c69fa8abd946137f5def65006487ea97ae50ccda38568a"
  name = "github.com/spf13/pflag"
  packages = ["."]
  pruneopts = "UT"
  revision = "5644820622454e71517561946e3d94b9f9db6842"

[[projects]]
  branch = "master"
  digest = "1:cfb76a7232a052ff91081fc04814bad48da7c0e4320b4d329e944c5d06cd56ac"
  name = "github.com/stevvooe/resumable"
  packages = [
    ".",
    "sha256",
    "sha512",
  ]
  pruneopts = "UT"
  revision = "2aaf90b2ceea5072cb503ef2a620b08ff3119870"

[[projects]]
  digest = "1:340553b2fdaab7d53e63fd40f8ed82203bdd3274253055bdb80a46828482ef81"
  name = "github.com/xenolf/lego"
  packages = ["acme"]
  pruneopts = "UT"
  revision = "a9d8cec0e6563575e5868a005359ac97911b5985"

[[projects]]
  digest = "1:dcc3219685abd95a08e219859c5f0d80ad25d365b854849d04896ccde94e2422"
  name = "github.com/yvasiyarov/go-metrics"
  packages = ["."]
  pruneopts = "UT"
  revision = "57bccd1ccd43f94bb17fdd8bf3007059b802f85e"

[[projects]]
  digest = "1:6dce87388e17a6f375c970b7e16ae3a63a540a9ea0475ac2043430d685d3136f"
  name = "github.com/yvasiyarov/gorelic"
  packages = ["."]
  pruneopts = "UT"
  revision = "a9bba5b9ab508a086f9a12b8c51fab68478e2128"

[[projects]]
  digest = "1:140012d43042bb7748adc780c767abaab8cf6027fe8cb4bca5099d74e2292656"
  name = "github.com/yvasiyarov/newrelic_platform_go"
  packages = ["."]
  pruneopts = "UT"
  revision = "b21fdbd4370f3717f3bbd2bf41c223bc273068e6"

[[projects]]
  digest = "1:756bfc1209e0730d7015997934fbfaa228bba639b13730e40e174448e1d693c3"
  name = "golang.org/x/crypto"
  packages = [
    "bcrypt",
    "blowfish",
    "ocsp",
  ]
  pruneopts = "UT"
  revision = "c10c31b5e94b6f7a0283272dc2bb27163dcea24b"

[[projects]]
  digest = "1:8add07d306ca2f05ccd4facaebd630fbd58e03d9476adf468fd8b3b13a4d92e9"
  name = "golang.org/x/net"
  packages = [
    "context",
    "idna",
    "publicsuffix",
  ]
  pruneopts = "UT"
  revision = "4876518f9e71663000c348837735820161a42df7"

[[projects]]
  digest = "1:600b0e53535b033363a3c22bbb712e635799a2a4d516bdd8c8435d12901dfdd3"
  name = "golang.org/x/time"
  packages = ["rate"]
  pruneopts = "UT"
  revision = "a4bde12657593d5e90d0533a3e4fd95e635124cb"

[[projects]]
  digest = "1:670d1f29fa2aa15ea777cc5bcf95881f379bf8a71dbbe145be0774da97fede72"
  name = "gopkg.in/gorp.v2"
  packages = ["."]
  pruneopts = "UT"
  revision = "4df78490a9aa9a78b9b02b0c913df8dc1954faee"
  version = "2.1"

[[projects]]
  digest = "1:3b341dd3e8c439ecc5f01b3ce2cc3f77bc8c109402df1fdae96493011634b2a7"
  name = "gopkg.in/square/go-jose.v1"
  packages = [
    ".",
    "cipher",
    "json",
  ]
  pruneopts = "UT"
  revision = "40d457b439244b546f023d056628e5184136899b"
  version = "v1.0.1"

[[projects]]
  digest = "1:17e0cd6cba08323e660e739595e5defbd254fe5ff10ecfeb40233829bf6f65e4"
  name = "gopkg.in/yaml.v2"
  packages = ["."]
  pruneopts = "UT"
  revision = "bef53efd0c76e49e6de55ead051f886bea7e9420"

[[projects]]
  branch = "master"
  digest = "1:15fbb9f95a13abe2be748b1159b491369d46a2ccc3f378e0f93c391f89608929"
  name = "rsc.io/letsencrypt"
  packages = ["."]
  pruneopts = "UT"
  revision = "1847a81d2087eba73081db43989e54dabe0768cd"
  source = "https://github.com/dmcgowan/letsencrypt.git"

[solve-meta]
  analyzer-name = "dep"
  analyzer-version = 1
  input-imports = [
    "github.com/docker/distribution/context",
    "github.com/docker/distribution/registry",
    "github.com/docker/distribution/registry/auth/htpasswd",
    "github.com/docker/distribution/registry/auth/silly",
    "github.com/docker/distribution/registry/auth/token",
    "github.com/docker/distribution/registry/proxy",
    "github.com/docker/distribution/registry/storage/driver",
    "github.com/docker/distribution/registry/storage/driver/base",
    "github.com/docker/distribution/registry/storage/driver/factory",
    "github.com/docker/distribution/registry/storage/driver/filesystem",
    "github.com/docker/distribution/registry/storage/driver/inmemory",
    "github.com/docker/distribution/registry/storage/driver/middleware/redirect",
    "github.com/docker/distribution/version",
    "github.com/gophercloud/gophercloud",
    "github.com/gophercloud/gophercloud/openstack",
    "github.com/gophercloud/gophercloud/openstack/identity/v3/roles",
    "github.com/gophercloud/utils/openstack/clientconfig",
    "github.com/gorilla/mux",
    "github.com/lib/pq",
    "github.com/majewsky/schwift",
    "github.com/majewsky/schwift/gopherschwift",
    "github.com/mattes/migrate",
    "github.com/mattes/migrate/database/postgres",
    "github.com/mattes/migrate/source/go-bindata",
    "github.com/mitchellh/mapstructure",
    "github.com/sapcc/go-bits/gopherpolicy",
    "github.com/sapcc/go-bits/logg",
    "github.com/sapcc/go-bits/respondwith",
    "gopkg.in/gorp.v2",
  ]
  solver-name = "gps-cdcl"
  solver-version = 1
