# This file is autogenerated, do not edit; changes may be undone by the next 'dep ensure'.


[[projects]]
  branch = "master"
  digest = "1:5b8a3b9e8d146a93f6d0538d3be408c9adff07fd694d4094b814a376b4727b14"
  name = "github.com/Shopify/logrus-bugsnag"
  packages = ["."]
  pruneopts = "UT"
  revision = "577dee27f20dd8f1a529f82210094af593be12bd"

[[projects]]
  digest = "1:d6afaeed1502aa28e80a4ed0981d570ad91b2579193404256ce672ed0a609e0d"
  name = "github.com/beorn7/perks"
  packages = ["quantile"]
  pruneopts = "UT"
  revision = "4b2b341e8d7715fae06375aa633dbb6e91b3fb46"
  version = "v1.0.0"

[[projects]]
  digest = "1:7b81d2ed76bf960333a8020c4b8c22abd6072f0b54ad31c66e90e6a17a19315a"
  name = "github.com/bshuster-repo/logrus-logstash-hook"
  packages = ["."]
  pruneopts = "UT"
  revision = "dbc1e22735aa6ed7bd9579a407c17bc7c4a4e046"
  version = "v0.4.1"

[[projects]]
  digest = "1:982da6118468bd03ae8112629d68d829a0df727c898ec2e912011b33a1ae0417"
  name = "github.com/bugsnag/bugsnag-go"
  packages = [
    ".",
    "errors",
  ]
  pruneopts = "UT"
  revision = "b1d153021fcd90ca3f080db36bec96dc690fb274"

[[projects]]
  branch = "master"
  digest = "1:3c8a443f16dd3c3639c7650c19af5b1a0686402f1949dafd18352d15239d9b05"
  name = "github.com/bugsnag/osext"
  packages = ["."]
  pruneopts = "UT"
  revision = "0dd3f918b21bec95ace9dc86c7e70266cfc5c702"

[[projects]]
  digest = "1:af7819cfbbaee556977151e5da278819eccbfd3724402e6c4c38c083ea90d27b"
  name = "github.com/bugsnag/panicwrap"
  packages = ["."]
  pruneopts = "UT"
  revision = "e2c28503fcd0675329da73bf48b33404db873782"

[[projects]]
  branch = "master"
  digest = "1:dd33dda1078545d3f678fefedd53352f2519675f0c54f387da7e4b6be0e61fd7"
  name = "github.com/databus23/goslo.policy"
  packages = ["."]
  pruneopts = "UT"
  revision = "3ae74dd07ebf48d1f2babbd1d2177cd1878a09ee"

[[projects]]
  digest = "1:76dc72490af7174349349838f2fe118996381b31ea83243812a97e5a0fd5ed55"
  name = "github.com/dgrijalva/jwt-go"
  packages = ["."]
  pruneopts = "UT"
  revision = "06ea1031745cb8b3dab3f6a236daf2b0aa468b7e"
  version = "v3.2.0"

[[projects]]
  digest = "1:1c30feea339361e41d5882af587489cb9bd29a2344f5b2f89601028277a64290"
  name = "github.com/docker/distribution"
  packages = [
    ".",
    "configuration",
    "context",
    "digestset",
    "health",
    "health/checks",
    "manifest",
    "manifest/manifestlist",
    "manifest/ocischema",
    "manifest/schema1",
    "manifest/schema2",
    "metrics",
    "notifications",
    "reference",
    "registry",
    "registry/api/errcode",
    "registry/api/v2",
    "registry/auth",
    "registry/auth/token",
    "registry/client",
    "registry/client/auth",
    "registry/client/auth/challenge",
    "registry/client/transport",
    "registry/handlers",
    "registry/listener",
    "registry/middleware/registry",
    "registry/middleware/repository",
    "registry/proxy",
    "registry/proxy/scheduler",
    "registry/storage",
    "registry/storage/cache",
    "registry/storage/cache/memory",
    "registry/storage/cache/redis",
    "registry/storage/driver",
    "registry/storage/driver/base",
    "registry/storage/driver/factory",
    "registry/storage/driver/filesystem",
    "registry/storage/driver/inmemory",
    "registry/storage/driver/middleware",
    "registry/storage/driver/middleware/redirect",
    "uuid",
    "version",
  ]
  pruneopts = "UT"
  revision = "2461543d988979529609e8cb6fca9ca190dc48da"
  version = "v2.7.1"

[[projects]]
  branch = "master"
  digest = "1:2b126e77be4ab4b92cdb3924c87894dd76bf365ba282f358a13133e848aa0059"
  name = "github.com/docker/go-metrics"
  packages = ["."]
  pruneopts = "UT"
  revision = "b84716841b82eab644a0c64fc8b42d480e49add5"

[[projects]]
  digest = "1:0e229970bd76d6cdef6558f51ae493931485fb086d513bc4e3b80003bcf81f39"
  name = "github.com/docker/libtrust"
  packages = ["."]
  pruneopts = "UT"
  revision = "fa567046d9b14f6aa788882a950d69651d230b21"

[[projects]]
  digest = "1:73e02c830775d85efc9a7b1c2c0cfff88f33ff8c283468cb08ef5b9490ff8f12"
  name = "github.com/garyburd/redigo"
  packages = [
    "internal",
    "redis",
  ]
  pruneopts = "UT"
  revision = "535138d7bcd717d6531c701ef5933d98b1866257"

[[projects]]
  digest = "1:7ed977f2fcc3ae715c1aa9ac175da9d4606e494baa0c7f26418d021beaef285f"
  name = "github.com/golang-migrate/migrate"
  packages = [
    ".",
    "database",
    "database/postgres",
    "database/sqlite3",
    "source",
    "source/go_bindata",
  ]
  pruneopts = "UT"
  revision = "e968e8a5f0fd43301a2e0ef025ce6db56eedb205"
  version = "v3.4.0"

[[projects]]
  digest = "1:573ca21d3669500ff845bdebee890eb7fc7f0f50c59f2132f2a0c6b03d85086a"
  name = "github.com/golang/protobuf"
  packages = ["proto"]
  pruneopts = "UT"
  revision = "6c65a5562fc06764971b7c5d05c76c75e84bdbf7"
  version = "v1.3.2"

[[projects]]
  branch = "master"
  digest = "1:f6d7cee7132185e2990e6eec34ccdd9fdad28005f5176b294cc3a459b5d75952"
  name = "github.com/gophercloud/gophercloud"
  packages = [
    ".",
    "internal",
    "openstack",
    "openstack/identity/v2/tenants",
    "openstack/identity/v2/tokens",
    "openstack/identity/v3/roles",
    "openstack/identity/v3/tokens",
    "openstack/utils",
    "pagination",
  ]
  pruneopts = "UT"
  revision = "45c2d035713fa44f366921035a44610ac5d45beb"

[[projects]]
  digest = "1:c79fb010be38a59d657c48c6ba1d003a8aa651fa56b579d959d74573b7dff8e1"
  name = "github.com/gorilla/context"
  packages = ["."]
  pruneopts = "UT"
  revision = "08b5f424b9271eedf6f9f0ce86cb9396ed337a42"
  version = "v1.1.1"

[[projects]]
  digest = "1:c231954313b336011b817f9979467825cbb2a6d7a6b930c5406f4fbc91235f8c"
  name = "github.com/gorilla/handlers"
  packages = ["."]
  pruneopts = "UT"
  revision = "60c7bfde3e33c201519a200a4507a158cc03a17b"

[[projects]]
  digest = "1:33e16c57473b7c44d261a6846b82c9389392f16fd41bf3d78c6cb5a96d695d1a"
  name = "github.com/gorilla/mux"
  packages = ["."]
  pruneopts = "UT"
  revision = "599cba5e7b6137d46ddf58fb1765f5d928e69604"

[[projects]]
  digest = "1:870d441fe217b8e689d7949fef6e43efbc787e50f200cb1e70dbca9204a1d6be"
  name = "github.com/inconshreveable/mousetrap"
  packages = ["."]
  pruneopts = "UT"
  revision = "76626ae9c91c4f2a10f34cad8ce83ea42c93bb75"
  version = "v1.0"

[[projects]]
  branch = "master"
  digest = "1:0ed7694a4bcc8c3c0f7eba5225eb916aac2feeeadc8c7024d2d76878de158743"
  name = "github.com/jpillora/longestcommon"
  packages = ["."]
  pruneopts = "UT"
  revision = "adb9d91ee629dd8304c9f9d7c91977b9d7e61a35"

[[projects]]
  digest = "1:31e761d97c76151dde79e9d28964a812c46efc5baee4085b86f68f0c654450de"
  name = "github.com/konsorten/go-windows-terminal-sequences"
  packages = ["."]
  pruneopts = "UT"
  revision = "f55edac94c9bbba5d6182a4be46d86a2c9b5b50e"
  version = "v1.0.2"

[[projects]]
  branch = "master"
  digest = "1:8ef506fc2bb9ced9b151dafa592d4046063d744c646c1bbe801982ce87e4bc24"
  name = "github.com/lib/pq"
  packages = [
    ".",
    "oid",
  ]
  pruneopts = "UT"
  revision = "4ded0e9383f75c197b3a2aaa6d590ac52df6fd79"

[[projects]]
  branch = "master"
  digest = "1:5aa226b2bb5c48b24ce8ca6c7e0870bc4c03be488fd1d6d03e6d6530468d4538"
  name = "github.com/majewsky/schwift"
  packages = [
    ".",
    "capabilities",
    "gopherschwift",
  ]
  pruneopts = "UT"
  revision = "e1b3d5e2efc913f52df74291c0c90efb346faa0e"

[[projects]]
  branch = "master"
  digest = "1:cc585fe869559066e8a0186cc07a7487c55083d7a701d94d2ec46fd7f9acb092"
  name = "github.com/majewsky/sqlproxy"
  packages = ["."]
  pruneopts = "UT"
  revision = "66c34829b29db560c3ef23289cc61f688426822a"

[[projects]]
  digest = "1:fe0d3d78ad46ecc28cf0414d69167e253c717a019b348a8cb22ddf208669cce4"
  name = "github.com/mattes/migrate"
  packages = [
    ".",
    "database",
    "database/postgres",
    "source",
    "source/go-bindata",
  ]
  pruneopts = "UT"
  revision = "69472d5f5cdca0fb2766d8d86f63cb2e78e1d869"

[[projects]]
  digest = "1:3cafc6a5a1b8269605d9df4c6956d43d8011fc57f266ca6b9d04da6c09dee548"
  name = "github.com/mattn/go-sqlite3"
  packages = ["."]
  pruneopts = "UT"
  revision = "25ecb14adfc7543176f7d85291ec7dba82c6f7e4"
  version = "v1.9.0"

[[projects]]
  digest = "1:ff5ebae34cfbf047d505ee150de27e60570e8c394b3b8fdbb720ff6ac71985fc"
  name = "github.com/matttproud/golang_protobuf_extensions"
  packages = ["pbutil"]
  pruneopts = "UT"
  revision = "c12348ce28de40eed0136aa2b644d0ee0650e56c"
  version = "v1.0.1"

[[projects]]
  digest = "1:666044031f9bc3e4a57ba8d8805ea61c202d6bbde8d488094aa039687c2b54b4"
  name = "github.com/miekg/dns"
  packages = ["."]
  pruneopts = "UT"
  revision = "271c58e0c14f552178ea321a545ff9af38930f39"

[[projects]]
  digest = "1:c9a18a8c7d903c87075ca104c64afad0aeead4ce7b268944529a61ebae65d99e"
  name = "github.com/mitchellh/mapstructure"
  packages = ["."]
  pruneopts = "UT"
  revision = "482a9fd5fa83e8c4e7817413b80f3eb8feec03ef"

[[projects]]
  digest = "1:ee4d4af67d93cc7644157882329023ce9a7bcfce956a079069a9405521c7cc8d"
  name = "github.com/opencontainers/go-digest"
  packages = ["."]
  pruneopts = "UT"
  revision = "279bed98673dd5bef374d3b6e4b09e2af76183bf"
  version = "v1.0.0-rc1"

[[projects]]
  digest = "1:11db38d694c130c800d0aefb502fb02519e514dc53d9804ce51d1ad25ec27db6"
  name = "github.com/opencontainers/image-spec"
  packages = [
    "specs-go",
    "specs-go/v1",
  ]
  pruneopts = "UT"
  revision = "d60099175f88c47cd379c4738d158884749ed235"
  version = "v1.0.1"

[[projects]]
  digest = "1:eb04f69c8991e52eff33c428bd729e04208bf03235be88e4df0d88497c6861b9"
  name = "github.com/prometheus/client_golang"
  packages = [
    "prometheus",
    "prometheus/internal",
    "prometheus/promhttp",
  ]
  pruneopts = "UT"
  revision = "4ab88e80c249ed361d3299e2930427d9ac43ef8d"
  version = "v1.0.0"

[[projects]]
  branch = "master"
  digest = "1:2d5cd61daa5565187e1d96bae64dbbc6080dacf741448e9629c64fd93203b0d4"
  name = "github.com/prometheus/client_model"
  packages = ["go"]
  pruneopts = "UT"
  revision = "fd36f4220a901265f90734c3183c5f0c91daa0b8"

[[projects]]
  digest = "1:8dcedf2e8f06c7f94e48267dea0bc0be261fa97b377f3ae3e87843a92a549481"
  name = "github.com/prometheus/common"
  packages = [
    "expfmt",
    "internal/bitbucket.org/ww/goautoneg",
    "model",
  ]
  pruneopts = "UT"
  revision = "31bed53e4047fd6c510e43a941f90cb31be0972a"
  version = "v0.6.0"

[[projects]]
  digest = "1:366f5aa02ff6c1e2eccce9ca03a22a6d983da89eecff8a89965401764534eb7c"
  name = "github.com/prometheus/procfs"
  packages = [
    ".",
    "internal/fs",
  ]
  pruneopts = "UT"
  revision = "3f98efb27840a48a7a2898ec80be07674d19f9c8"
  version = "v0.0.3"

[[projects]]
  branch = "master"
  digest = "1:c3f9b350ba819ac718d51070bf999a252192e34300da533fcdf1047d1d5398e7"
  name = "github.com/sapcc/go-bits"
  packages = [
    "assert",
    "gopherpolicy",
    "logg",
    "postlite",
    "respondwith",
  ]
  pruneopts = "UT"
  revision = "ed29938ce01cdd95629409bd903c8c81934385d4"

[[projects]]
  digest = "1:274f67cb6fed9588ea2521ecdac05a6d62a8c51c074c1fccc6a49a40ba80e925"
  name = "github.com/satori/go.uuid"
  packages = ["."]
  pruneopts = "UT"
  revision = "f58768cc1a7a7e77a3bd49e98cdd21419399b6a3"
  version = "v1.2.0"

[[projects]]
  digest = "1:04457f9f6f3ffc5fea48e71d62f2ca256637dee0a04d710288e27e05c8b41976"
  name = "github.com/sirupsen/logrus"
  packages = ["."]
  pruneopts = "UT"
  revision = "839c75faf7f98a33d445d181f3018b5c3409a45e"
  version = "v1.4.2"

[[projects]]
  digest = "1:dd48f4df68952281e1b4f6724739aab98b79fa62b23dfa4dd187dd3c89dde430"
  name = "github.com/spf13/cobra"
  packages = ["."]
  pruneopts = "UT"
  revision = "312092086bed4968099259622145a0c9ae280064"

[[projects]]
  digest = "1:0b42002aa648104f22c69fa8abd946137f5def65006487ea97ae50ccda38568a"
  name = "github.com/spf13/pflag"
  packages = ["."]
  pruneopts = "UT"
  revision = "5644820622454e71517561946e3d94b9f9db6842"

[[projects]]
  digest = "1:340553b2fdaab7d53e63fd40f8ed82203bdd3274253055bdb80a46828482ef81"
  name = "github.com/xenolf/lego"
  packages = ["acme"]
  pruneopts = "UT"
  revision = "a9d8cec0e6563575e5868a005359ac97911b5985"

[[projects]]
  digest = "1:dcc3219685abd95a08e219859c5f0d80ad25d365b854849d04896ccde94e2422"
  name = "github.com/yvasiyarov/go-metrics"
  packages = ["."]
  pruneopts = "UT"
  revision = "57bccd1ccd43f94bb17fdd8bf3007059b802f85e"

[[projects]]
  digest = "1:6dce87388e17a6f375c970b7e16ae3a63a540a9ea0475ac2043430d685d3136f"
  name = "github.com/yvasiyarov/gorelic"
  packages = ["."]
  pruneopts = "UT"
  revision = "a9bba5b9ab508a086f9a12b8c51fab68478e2128"

[[projects]]
  digest = "1:140012d43042bb7748adc780c767abaab8cf6027fe8cb4bca5099d74e2292656"
  name = "github.com/yvasiyarov/newrelic_platform_go"
  packages = ["."]
  pruneopts = "UT"
  revision = "b21fdbd4370f3717f3bbd2bf41c223bc273068e6"

[[projects]]
  digest = "1:e7f6f08995053033055132f9941117dd0a57e25f547d47ea2fcec48a00212ba4"
  name = "golang.org/x/crypto"
  packages = ["ocsp"]
  pruneopts = "UT"
  revision = "c10c31b5e94b6f7a0283272dc2bb27163dcea24b"

[[projects]]
  digest = "1:ce7f04e13c05bce2a49845dca68acc69f02331cb0d838dea8a6ea408fe131f3d"
  name = "golang.org/x/net"
  packages = [
    "context",
    "idna",
    "publicsuffix",
  ]
  pruneopts = "UT"
  revision = "4876518f9e71663000c348837735820161a42df7"

[[projects]]
  branch = "master"
  digest = "1:31d44814b45607afa77c6e8ef20ea8bacc1d1053fe084440c874f311732e7ec3"
  name = "golang.org/x/sys"
  packages = [
    "unix",
    "windows",
  ]
  pruneopts = "UT"
  revision = "fae7ac547cb717d141c433a2a173315e216b64c4"

[[projects]]
  digest = "1:600b0e53535b033363a3c22bbb712e635799a2a4d516bdd8c8435d12901dfdd3"
  name = "golang.org/x/time"
  packages = ["rate"]
  pruneopts = "UT"
  revision = "a4bde12657593d5e90d0533a3e4fd95e635124cb"

[[projects]]
  digest = "1:670d1f29fa2aa15ea777cc5bcf95881f379bf8a71dbbe145be0774da97fede72"
  name = "gopkg.in/gorp.v2"
  packages = ["."]
  pruneopts = "UT"
  revision = "4df78490a9aa9a78b9b02b0c913df8dc1954faee"
  version = "2.1"

[[projects]]
  digest = "1:4d380e1ae34abd77a3432cd1cd702a96aaa626bb722e206c8b2356be3225e4f6"
  name = "gopkg.in/square/go-jose.v1"
  packages = [
    ".",
    "cipher",
    "json",
  ]
  pruneopts = "UT"
  revision = "40d457b439244b546f023d056628e5184136899b"
  version = "v1.0.1"

[[projects]]
  digest = "1:17e0cd6cba08323e660e739595e5defbd254fe5ff10ecfeb40233829bf6f65e4"
  name = "gopkg.in/yaml.v2"
  packages = ["."]
  pruneopts = "UT"
  revision = "bef53efd0c76e49e6de55ead051f886bea7e9420"

[[projects]]
  branch = "master"
  digest = "1:15fbb9f95a13abe2be748b1159b491369d46a2ccc3f378e0f93c391f89608929"
  name = "rsc.io/letsencrypt"
  packages = ["."]
  pruneopts = "UT"
  revision = "1847a81d2087eba73081db43989e54dabe0768cd"
  source = "https://github.com/dmcgowan/letsencrypt.git"

[solve-meta]
  analyzer-name = "dep"
  analyzer-version = 1
  input-imports = [
    "github.com/dgrijalva/jwt-go",
    "github.com/docker/distribution/context",
    "github.com/docker/distribution/registry",
    "github.com/docker/distribution/registry/auth/token",
    "github.com/docker/distribution/registry/proxy",
    "github.com/docker/distribution/registry/storage/driver",
    "github.com/docker/distribution/registry/storage/driver/base",
    "github.com/docker/distribution/registry/storage/driver/factory",
    "github.com/docker/distribution/registry/storage/driver/filesystem",
    "github.com/docker/distribution/registry/storage/driver/inmemory",
    "github.com/docker/distribution/registry/storage/driver/middleware/redirect",
    "github.com/docker/distribution/version",
    "github.com/docker/libtrust",
    "github.com/gophercloud/gophercloud",
    "github.com/gophercloud/gophercloud/openstack",
    "github.com/gophercloud/gophercloud/openstack/identity/v3/roles",
    "github.com/gophercloud/gophercloud/openstack/identity/v3/tokens",
    "github.com/gorilla/mux",
    "github.com/lib/pq",
    "github.com/majewsky/schwift",
    "github.com/majewsky/schwift/gopherschwift",
    "github.com/mattes/migrate",
    "github.com/mattes/migrate/database/postgres",
    "github.com/mattes/migrate/source/go-bindata",
    "github.com/mitchellh/mapstructure",
    "github.com/sapcc/go-bits/assert",
    "github.com/sapcc/go-bits/gopherpolicy",
    "github.com/sapcc/go-bits/logg",
    "github.com/sapcc/go-bits/postlite",
    "github.com/sapcc/go-bits/respondwith",
    "github.com/satori/go.uuid",
    "gopkg.in/gorp.v2",
    "gopkg.in/yaml.v2",
  ]
  solver-name = "gps-cdcl"
  solver-version = 1
